
Microsoft Visual Studio Solution File, Format Version 12.00
# Visual Studio Version 16
VisualStudioVersion = 16.0.30611.23
MinimumVisualStudioVersion = 10.0.40219.1
Project("{FAE04EC0-301F-11D3-BF4B-00C04F79EFBC}") = "CNLTTH_BanSach", "CNLTTH_BanSach.csproj", "{375F2D00-119C-4F98-9183-ED7B8ADDDE95}"
EndProject
Project("{FAE04EC0-301F-11D3-BF4B-00C04F79EFBC}") = "AdminForm", "..\AdminForm\AdminForm.csproj", "{0D105EEC-3247-4F98-B82E-21FAC6CFA4DD}"
EndProject
Global
	GlobalSection(SolutionConfigurationPlatforms) = preSolution
		Debug|Any CPU = Debug|Any CPU
		Release|Any CPU = Release|Any CPU
	EndGlobalSection
	GlobalSection(ProjectConfigurationPlatforms) = postSolution
		{375F2D00-119C-4F98-9183-ED7B8ADDDE95}.Debug|Any CPU.ActiveCfg = Debug|Any CPU
		{375F2D00-119C-4F98-9183-ED7B8ADDDE95}.Debug|Any CPU.Build.0 = Debug|Any CPU
		{375F2D00-119C-4F98-9183-ED7B8ADDDE95}.Release|Any CPU.ActiveCfg = Release|Any CPU
		{375F2D00-119C-4F98-9183-ED7B8ADDDE95}.Release|Any CPU.Build.0 = Release|Any CPU
		{0D105EEC-3247-4F98-B82E-21FAC6CFA4DD}.Debug|Any CPU.ActiveCfg = Debug|Any CPU
		{0D105EEC-3247-4F98-B82E-21FAC6CFA4DD}.Debug|Any CPU.Build.0 = Debug|Any CPU
		{0D105EEC-3247-4F98-B82E-21FAC6CFA4DD}.Release|Any CPU.ActiveCfg = Release|Any CPU
		{0D105EEC-3247-4F98-B82E-21FAC6CFA4DD}.Release|Any CPU.Build.0 = Release|Any CPU
	EndGlobalSection
	GlobalSection(SolutionProperties) = preSolution
		HideSolutionNode = FALSE
	EndGlobalSection
	GlobalSection(ExtensibilityGlobals) = postSolution
		SolutionGuid = {E7DC2FAB-3D26-48EF-8BF3-461AD84BDBBE}
	EndGlobalSection
EndGlobal
